
Microsoft Visual Studio Solution File, Format Version 12.00
# Visual Studio Version 16
VisualStudioVersion = 16.0.30002.166
MinimumVisualStudioVersion = 10.0.40219.1
Project("{8BC9CEB8-8B4A-11D0-8D11-00A0C91BC942}") = "TradeSearch", "TradeSearch.vcxproj", "{290503DF-505F-4117-BE0D-7DD55508FBA4}"
EndProject
Global
	GlobalSection(SolutionConfigurationPlatforms) = preSolution
		Debug|x64 = Debug|x64
		Debug|x86 = Debug|x86
		Release|x64 = Release|x64
		Release|x86 = Release|x86
	EndGlobalSection
	GlobalSection(ProjectConfigurationPlatforms) = postSolution
		{290503DF-505F-4117-BE0D-7DD55508FBA4}.Debug|x64.ActiveCfg = Debug|x64
		{290503DF-505F-4117-BE0D-7DD55508FBA4}.Debug|x64.Build.0 = Debug|x64
		{290503DF-505F-4117-BE0D-7DD55508FBA4}.Debug|x86.ActiveCfg = Debug|Win32
		{290503DF-505F-4117-BE0D-7DD55508FBA4}.Debug|x86.Build.0 = Debug|Win32
		{290503DF-505F-4117-BE0D-7DD55508FBA4}.Release|x64.ActiveCfg = Release|x64
		{290503DF-505F-4117-BE0D-7DD55508FBA4}.Release|x64.Build.0 = Release|x64
		{290503DF-505F-4117-BE0D-7DD55508FBA4}.Release|x86.ActiveCfg = Release|Win32
		{290503DF-505F-4117-BE0D-7DD55508FBA4}.Release|x86.Build.0 = Release|Win32
	EndGlobalSection
	GlobalSection(SolutionProperties) = preSolution
		HideSolutionNode = FALSE
	EndGlobalSection
	GlobalSection(ExtensibilityGlobals) = postSolution
		SolutionGuid = {D0E819C6-F714-4883-956B-1BF12E210D4B}
	EndGlobalSection
EndGlobal
